// !$*UTF8*$!
{
	archiveVersion = 1;
	classes = {
	};
	objectVersion = 50;
	objects = {

/* Begin PBXBuildFile section */
		B3FBF72321BB2A1D00F8C614 /* AppDelegate.swift in Sources */ = {isa = PBXBuildFile; fileRef = B3FBF72221BB2A1D00F8C614 /* AppDelegate.swift */; };
		B3FBF72521BB2A1D00F8C614 /* FirstViewController.swift in Sources */ = {isa = PBXBuildFile; fileRef = B3FBF72421BB2A1D00F8C614 /* FirstViewController.swift */; };
		B3FBF72821BB2A1D00F8C614 /* Main.storyboard in Resources */ = {isa = PBXBuildFile; fileRef = B3FBF72621BB2A1D00F8C614 /* Main.storyboard */; };
		B3FBF72A21BB2A1E00F8C614 /* Assets.xcassets in Resources */ = {isa = PBXBuildFile; fileRef = B3FBF72921BB2A1E00F8C614 /* Assets.xcassets */; };
		B3FBF72D21BB2A1E00F8C614 /* LaunchScreen.storyboard in Resources */ = {isa = PBXBuildFile; fileRef = B3FBF72B21BB2A1E00F8C614 /* LaunchScreen.storyboard */; };
		B3FBF73821BB2A1E00F8C614 /* CodeTestTests.swift in Sources */ = {isa = PBXBuildFile; fileRef = B3FBF73721BB2A1E00F8C614 /* CodeTestTests.swift */; };
		B3FBF74321BB2A1E00F8C614 /* CodeTestUITests.swift in Sources */ = {isa = PBXBuildFile; fileRef = B3FBF74221BB2A1E00F8C614 /* CodeTestUITests.swift */; };
		B3FBF75121BB2AE500F8C614 /* SecondViewController.swift in Sources */ = {isa = PBXBuildFile; fileRef = B3FBF75021BB2AE500F8C614 /* SecondViewController.swift */; };
		B3FBF75321BB2B5500F8C614 /* ThirdViewController.swift in Sources */ = {isa = PBXBuildFile; fileRef = B3FBF75221BB2B5500F8C614 /* ThirdViewController.swift */; };
		B3FBF75621BB2EA300F8C614 /* WebKit.framework in Frameworks */ = {isa = PBXBuildFile; fileRef = B3FBF75521BB2EA300F8C614 /* WebKit.framework */; };
/* End PBXBuildFile section */

/* Begin PBXContainerItemProxy section */
		B3FBF73421BB2A1E00F8C614 /* PBXContainerItemProxy */ = {
			isa = PBXContainerItemProxy;
			containerPortal = B3FBF71721BB2A1D00F8C614 /* Project object */;
			proxyType = 1;
			remoteGlobalIDString = B3FBF71E21BB2A1D00F8C614;
			remoteInfo = CodeTest;
		};
		B3FBF73F21BB2A1E00F8C614 /* PBXContainerItemProxy */ = {
			isa = PBXContainerItemProxy;
			containerPortal = B3FBF71721BB2A1D00F8C614 /* Project object */;
			proxyType = 1;
			remoteGlobalIDString = B3FBF71E21BB2A1D00F8C614;
			remoteInfo = CodeTest;
		};
/* End PBXContainerItemProxy section */

/* Begin PBXFileReference section */
		B3FBF71F21BB2A1D00F8C614 /* CodeTest.app */ = {isa = PBXFileReference; explicitFileType = wrapper.application; includeInIndex = 0; path = CodeTest.app; sourceTree = BUILT_PRODUCTS_DIR; };
		B3FBF72221BB2A1D00F8C614 /* AppDelegate.swift */ = {isa = PBXFileReference; lastKnownFileType = sourcecode.swift; path = AppDelegate.swift; sourceTree = "<group>"; };
		B3FBF72421BB2A1D00F8C614 /* FirstViewController.swift */ = {isa = PBXFileReference; lastKnownFileType = sourcecode.swift; path = FirstViewController.swift; sourceTree = "<group>"; };
		B3FBF72721BB2A1D00F8C614 /* Base */ = {isa = PBXFileReference; lastKnownFileType = file.storyboard; name = Base; path = Base.lproj/Main.storyboard; sourceTree = "<group>"; };
		B3FBF72921BB2A1E00F8C614 /* Assets.xcassets */ = {isa = PBXFileReference; lastKnownFileType = folder.assetcatalog; path = Assets.xcassets; sourceTree = "<group>"; };
		B3FBF72C21BB2A1E00F8C614 /* Base */ = {isa = PBXFileReference; lastKnownFileType = file.storyboard; name = Base; path = Base.lproj/LaunchScreen.storyboard; sourceTree = "<group>"; };
		B3FBF72E21BB2A1E00F8C614 /* Info.plist */ = {isa = PBXFileReference; lastKnownFileType = text.plist.xml; path = Info.plist; sourceTree = "<group>"; };
		B3FBF73321BB2A1E00F8C614 /* CodeTestTests.xctest */ = {isa = PBXFileReference; explicitFileType = wrapper.cfbundle; includeInIndex = 0; path = CodeTestTests.xctest; sourceTree = BUILT_PRODUCTS_DIR; };
		B3FBF73721BB2A1E00F8C614 /* CodeTestTests.swift */ = {isa = PBXFileReference; lastKnownFileType = sourcecode.swift; path = CodeTestTests.swift; sourceTree = "<group>"; };
		B3FBF73921BB2A1E00F8C614 /* Info.plist */ = {isa = PBXFileReference; lastKnownFileType = text.plist.xml; path = Info.plist; sourceTree = "<group>"; };
		B3FBF73E21BB2A1E00F8C614 /* CodeTestUITests.xctest */ = {isa = PBXFileReference; explicitFileType = wrapper.cfbundle; includeInIndex = 0; path = CodeTestUITests.xctest; sourceTree = BUILT_PRODUCTS_DIR; };
		B3FBF74221BB2A1E00F8C614 /* CodeTestUITests.swift */ = {isa = PBXFileReference; lastKnownFileType = sourcecode.swift; path = CodeTestUITests.swift; sourceTree = "<group>"; };
		B3FBF74421BB2A1E00F8C614 /* Info.plist */ = {isa = PBXFileReference; lastKnownFileType = text.plist.xml; path = Info.plist; sourceTree = "<group>"; };
		B3FBF75021BB2AE500F8C614 /* SecondViewController.swift */ = {isa = PBXFileReference; lastKnownFileType = sourcecode.swift; path = SecondViewController.swift; sourceTree = "<group>"; };
		B3FBF75221BB2B5500F8C614 /* ThirdViewController.swift */ = {isa = PBXFileReference; lastKnownFileType = sourcecode.swift; path = ThirdViewController.swift; sourceTree = "<group>"; };
		B3FBF75521BB2EA300F8C614 /* WebKit.framework */ = {isa = PBXFileReference; lastKnownFileType = wrapper.framework; name = WebKit.framework; path = System/Library/Frameworks/WebKit.framework; sourceTree = SDKROOT; };
/* End PBXFileReference section */

/* Begin PBXFrameworksBuildPhase section */
		B3FBF71C21BB2A1D00F8C614 /* Frameworks */ = {
			isa = PBXFrameworksBuildPhase;
			buildActionMask = 2147483647;
			files = (
				B3FBF75621BB2EA300F8C614 /* WebKit.framework in Frameworks */,
			);
			runOnlyForDeploymentPostprocessing = 0;
		};
		B3FBF73021BB2A1E00F8C614 /* Frameworks */ = {
			isa = PBXFrameworksBuildPhase;
			buildActionMask = 2147483647;
			files = (
			);
			runOnlyForDeploymentPostprocessing = 0;
		};
		B3FBF73B21BB2A1E00F8C614 /* Frameworks */ = {
			isa = PBXFrameworksBuildPhase;
			buildActionMask = 2147483647;
			files = (
			);
			runOnlyForDeploymentPostprocessing = 0;
		};
/* End PBXFrameworksBuildPhase section */

/* Begin PBXGroup section */
		B3FBF71621BB2A1D00F8C614 = {
			isa = PBXGroup;
			children = (
				B3FBF72121BB2A1D00F8C614 /* CodeTest */,
				B3FBF73621BB2A1E00F8C614 /* CodeTestTests */,
				B3FBF74121BB2A1E00F8C614 /* CodeTestUITests */,
				B3FBF72021BB2A1D00F8C614 /* Products */,
				B3FBF75421BB2EA300F8C614 /* Frameworks */,
			);
			sourceTree = "<group>";
		};
		B3FBF72021BB2A1D00F8C614 /* Products */ = {
			isa = PBXGroup;
			children = (
				B3FBF71F21BB2A1D00F8C614 /* CodeTest.app */,
				B3FBF73321BB2A1E00F8C614 /* CodeTestTests.xctest */,
				B3FBF73E21BB2A1E00F8C614 /* CodeTestUITests.xctest */,
			);
			name = Products;
			sourceTree = "<group>";
		};
		B3FBF72121BB2A1D00F8C614 /* CodeTest */ = {
			isa = PBXGroup;
			children = (
				B3FBF72221BB2A1D00F8C614 /* AppDelegate.swift */,
				B3FBF72421BB2A1D00F8C614 /* FirstViewController.swift */,
				B3FBF75021BB2AE500F8C614 /* SecondViewController.swift */,
				B3FBF75221BB2B5500F8C614 /* ThirdViewController.swift */,
				B3FBF72621BB2A1D00F8C614 /* Main.storyboard */,
				B3FBF72921BB2A1E00F8C614 /* Assets.xcassets */,
				B3FBF72B21BB2A1E00F8C614 /* LaunchScreen.storyboard */,
				B3FBF72E21BB2A1E00F8C614 /* Info.plist */,
			);
			path = CodeTest;
			sourceTree = "<group>";
		};
		B3FBF73621BB2A1E00F8C614 /* CodeTestTests */ = {
			isa = PBXGroup;
			children = (
				B3FBF73721BB2A1E00F8C614 /* CodeTestTests.swift */,
				B3FBF73921BB2A1E00F8C614 /* Info.plist */,
			);
			path = CodeTestTests;
			sourceTree = "<group>";
		};
		B3FBF74121BB2A1E00F8C614 /* CodeTestUITests */ = {
			isa = PBXGroup;
			children = (
				B3FBF74221BB2A1E00F8C614 /* CodeTestUITests.swift */,
				B3FBF74421BB2A1E00F8C614 /* Info.plist */,
			);
			path = CodeTestUITests;
			sourceTree = "<group>";
		};
		B3FBF75421BB2EA300F8C614 /* Frameworks */ = {
			isa = PBXGroup;
			children = (
				B3FBF75521BB2EA300F8C614 /* WebKit.framework */,
			);
			name = Frameworks;
			sourceTree = "<group>";
		};
/* End PBXGroup section */

/* Begin PBXNativeTarget section */
		B3FBF71E21BB2A1D00F8C614 /* CodeTest */ = {
			isa = PBXNativeTarget;
			buildConfigurationList = B3FBF74721BB2A1E00F8C614 /* Build configuration list for PBXNativeTarget "CodeTest" */;
			buildPhases = (
				B3FBF71B21BB2A1D00F8C614 /* Sources */,
				B3FBF71C21BB2A1D00F8C614 /* Frameworks */,
				B3FBF71D21BB2A1D00F8C614 /* Resources */,
			);
			buildRules = (
			);
			dependencies = (
			);
			name = CodeTest;
			productName = CodeTest;
			productReference = B3FBF71F21BB2A1D00F8C614 /* CodeTest.app */;
			productType = "com.apple.product-type.application";
		};
		B3FBF73221BB2A1E00F8C614 /* CodeTestTests */ = {
			isa = PBXNativeTarget;
			buildConfigurationList = B3FBF74A21BB2A1E00F8C614 /* Build configuration list for PBXNativeTarget "CodeTestTests" */;
			buildPhases = (
				B3FBF72F21BB2A1E00F8C614 /* Sources */,
				B3FBF73021BB2A1E00F8C614 /* Frameworks */,
				B3FBF73121BB2A1E00F8C614 /* Resources */,
			);
			buildRules = (
			);
			dependencies = (
				B3FBF73521BB2A1E00F8C614 /* PBXTargetDependency */,
			);
			name = CodeTestTests;
			productName = CodeTestTests;
			productReference = B3FBF73321BB2A1E00F8C614 /* CodeTestTests.xctest */;
			productType = "com.apple.product-type.bundle.unit-test";
		};
		B3FBF73D21BB2A1E00F8C614 /* CodeTestUITests */ = {
			isa = PBXNativeTarget;
			buildConfigurationList = B3FBF74D21BB2A1E00F8C614 /* Build configuration list for PBXNativeTarget "CodeTestUITests" */;
			buildPhases = (
				B3FBF73A21BB2A1E00F8C614 /* Sources */,
				B3FBF73B21BB2A1E00F8C614 /* Frameworks */,
				B3FBF73C21BB2A1E00F8C614 /* Resources */,
			);
			buildRules = (
			);
			dependencies = (
				B3FBF74021BB2A1E00F8C614 /* PBXTargetDependency */,
			);
			name = CodeTestUITests;
			productName = CodeTestUITests;
			productReference = B3FBF73E21BB2A1E00F8C614 /* CodeTestUITests.xctest */;
			productType = "com.apple.product-type.bundle.ui-testing";
		};
/* End PBXNativeTarget section */

/* Begin PBXProject section */
		B3FBF71721BB2A1D00F8C614 /* Project object */ = {
			isa = PBXProject;
			attributes = {
				LastSwiftUpdateCheck = 1010;
				LastUpgradeCheck = 1010;
				ORGANIZATIONNAME = BairesDev;
				TargetAttributes = {
					B3FBF71E21BB2A1D00F8C614 = {
						CreatedOnToolsVersion = 10.1;
					};
					B3FBF73221BB2A1E00F8C614 = {
						CreatedOnToolsVersion = 10.1;
						TestTargetID = B3FBF71E21BB2A1D00F8C614;
					};
					B3FBF73D21BB2A1E00F8C614 = {
						CreatedOnToolsVersion = 10.1;
						TestTargetID = B3FBF71E21BB2A1D00F8C614;
					};
				};
			};
			buildConfigurationList = B3FBF71A21BB2A1D00F8C614 /* Build configuration list for PBXProject "CodeTest" */;
			compatibilityVersion = "Xcode 9.3";
			developmentRegion = en;
			hasScannedForEncodings = 0;
			knownRegions = (
				en,
				Base,
			);
			mainGroup = B3FBF71621BB2A1D00F8C614;
			productRefGroup = B3FBF72021BB2A1D00F8C614 /* Products */;
			projectDirPath = "";
			projectRoot = "";
			targets = (
				B3FBF71E21BB2A1D00F8C614 /* CodeTest */,
				B3FBF73221BB2A1E00F8C614 /* CodeTestTests */,
				B3FBF73D21BB2A1E00F8C614 /* CodeTestUITests */,
			);
		};
/* End PBXProject section */

/* Begin PBXResourcesBuildPhase section */
		B3FBF71D21BB2A1D00F8C614 /* Resources */ = {
			isa = PBXResourcesBuildPhase;
			buildActionMask = 2147483647;
			files = (
				B3FBF72D21BB2A1E00F8C614 /* LaunchScreen.storyboard in Resources */,
				B3FBF72A21BB2A1E00F8C614 /* Assets.xcassets in Resources */,
				B3FBF72821BB2A1D00F8C614 /* Main.storyboard in Resources */,
			);
			runOnlyForDeploymentPostprocessing = 0;
		};
		B3FBF73121BB2A1E00F8C614 /* Resources */ = {
			isa = PBXResourcesBuildPhase;
			buildActionMask = 2147483647;
			files = (
			);
			runOnlyForDeploymentPostprocessing = 0;
		};
		B3FBF73C21BB2A1E00F8C614 /* Resources */ = {
			isa = PBXResourcesBuildPhase;
			buildActionMask = 2147483647;
			files = (
			);
			runOnlyForDeploymentPostprocessing = 0;
		};
/* End PBXResourcesBuildPhase section */

/* Begin PBXSourcesBuildPhase section */
		B3FBF71B21BB2A1D00F8C614 /* Sources */ = {
			isa = PBXSourcesBuildPhase;
			buildActionMask = 2147483647;
			files = (
				B3FBF75121BB2AE500F8C614 /* SecondViewController.swift in Sources */,
				B3FBF72521BB2A1D00F8C614 /* FirstViewController.swift in Sources */,
				B3FBF75321BB2B5500F8C614 /* ThirdViewController.swift in Sources */,
				B3FBF72321BB2A1D00F8C614 /* AppDelegate.swift in Sources */,
			);
			runOnlyForDeploymentPostprocessing = 0;
		};
		B3FBF72F21BB2A1E00F8C614 /* Sources */ = {
			isa = PBXSourcesBuildPhase;
			buildActionMask = 2147483647;
			files = (
				B3FBF73821BB2A1E00F8C614 /* CodeTestTests.swift in Sources */,
			);
			runOnlyForDeploymentPostprocessing = 0;
		};
		B3FBF73A21BB2A1E00F8C614 /* Sources */ = {
			isa = PBXSourcesBuildPhase;
			buildActionMask = 2147483647;
			files = (
				B3FBF74321BB2A1E00F8C614 /* CodeTestUITests.swift in Sources */,
			);
			runOnlyForDeploymentPostprocessing = 0;
		};
/* End PBXSourcesBuildPhase section */

/* Begin PBXTargetDependency section */
		B3FBF73521BB2A1E00F8C614 /* PBXTargetDependency */ = {
			isa = PBXTargetDependency;
			target = B3FBF71E21BB2A1D00F8C614 /* CodeTest */;
			targetProxy = B3FBF73421BB2A1E00F8C614 /* PBXContainerItemProxy */;
		};
		B3FBF74021BB2A1E00F8C614 /* PBXTargetDependency */ = {
			isa = PBXTargetDependency;
			target = B3FBF71E21BB2A1D00F8C614 /* CodeTest */;
			targetProxy = B3FBF73F21BB2A1E00F8C614 /* PBXContainerItemProxy */;
		};
/* End PBXTargetDependency section */

/* Begin PBXVariantGroup section */
		B3FBF72621BB2A1D00F8C614 /* Main.storyboard */ = {
			isa = PBXVariantGroup;
			children = (
				B3FBF72721BB2A1D00F8C614 /* Base */,
			);
			name = Main.storyboard;
			sourceTree = "<group>";
		};
		B3FBF72B21BB2A1E00F8C614 /* LaunchScreen.storyboard */ = {
			isa = PBXVariantGroup;
			children = (
				B3FBF72C21BB2A1E00F8C614 /* Base */,
			);
			name = LaunchScreen.storyboard;
			sourceTree = "<group>";
		};
/* End PBXVariantGroup section */

/* Begin XCBuildConfiguration section */
		B3FBF74521BB2A1E00F8C614 /* Debug */ = {
			isa = XCBuildConfiguration;
			buildSettings = {
				ALWAYS_SEARCH_USER_PATHS = NO;
				CLANG_ANALYZER_NONNULL = YES;
				CLANG_ANALYZER_NUMBER_OBJECT_CONVERSION = YES_AGGRESSIVE;
				CLANG_CXX_LANGUAGE_STANDARD = "gnu++14";
				CLANG_CXX_LIBRARY = "libc++";
				CLANG_ENABLE_MODULES = YES;
				CLANG_ENABLE_OBJC_ARC = YES;
				CLANG_ENABLE_OBJC_WEAK = YES;
				CLANG_WARN_BLOCK_CAPTURE_AUTORELEASING = YES;
				CLANG_WARN_BOOL_CONVERSION = YES;
				CLANG_WARN_COMMA = YES;
				CLANG_WARN_CONSTANT_CONVERSION = YES;
				CLANG_WARN_DEPRECATED_OBJC_IMPLEMENTATIONS = YES;
				CLANG_WARN_DIRECT_OBJC_ISA_USAGE = YES_ERROR;
				CLANG_WARN_DOCUMENTATION_COMMENTS = YES;
				CLANG_WARN_EMPTY_BODY = YES;
				CLANG_WARN_ENUM_CONVERSION = YES;
				CLANG_WARN_INFINITE_RECURSION = YES;
				CLANG_WARN_INT_CONVERSION = YES;
				CLANG_WARN_NON_LITERAL_NULL_CONVERSION = YES;
				CLANG_WARN_OBJC_IMPLICIT_RETAIN_SELF = YES;
				CLANG_WARN_OBJC_LITERAL_CONVERSION = YES;
				CLANG_WARN_OBJC_ROOT_CLASS = YES_ERROR;
				CLANG_WARN_RANGE_LOOP_ANALYSIS = YES;
				CLANG_WARN_STRICT_PROTOTYPES = YES;
				CLANG_WARN_SUSPICIOUS_MOVE = YES;
				CLANG_WARN_UNGUARDED_AVAILABILITY = YES_AGGRESSIVE;
				CLANG_WARN_UNREACHABLE_CODE = YES;
				CLANG_WARN__DUPLICATE_METHOD_MATCH = YES;
				CODE_SIGN_IDENTITY = "iPhone Developer";
				COPY_PHASE_STRIP = NO;
				DEBUG_INFORMATION_FORMAT = dwarf;
				ENABLE_STRICT_OBJC_MSGSEND = YES;
				ENABLE_TESTABILITY = YES;
				GCC_C_LANGUAGE_STANDARD = gnu11;
				GCC_DYNAMIC_NO_PIC = NO;
				GCC_NO_COMMON_BLOCKS = YES;
				GCC_OPTIMIZATION_LEVEL = 0;
				GCC_PREPROCESSOR_DEFINITIONS = (
					"DEBUG=1",
					"$(inherited)",
				);
				GCC_WARN_64_TO_32_BIT_CONVERSION = YES;
				GCC_WARN_ABOUT_RETURN_TYPE = YES_ERROR;
				GCC_WARN_UNDECLARED_SELECTOR = YES;
				GCC_WARN_UNINITIALIZED_AUTOS = YES_AGGRESSIVE;
				GCC_WARN_UNUSED_FUNCTION = YES;
				GCC_WARN_UNUSED_VARIABLE = YES;
				IPHONEOS_DEPLOYMENT_TARGET = 12.1;
				MTL_ENABLE_DEBUG_INFO = INCLUDE_SOURCE;
				MTL_FAST_MATH = YES;
				ONLY_ACTIVE_ARCH = YES;
				SDKROOT = iphoneos;
				SWIFT_ACTIVE_COMPILATION_CONDITIONS = DEBUG;
				SWIFT_OPTIMIZATION_LEVEL = "-Onone";
			};
			name = Debug;
		};
		B3FBF74621BB2A1E00F8C614 /* Release */ = {
			isa = XCBuildConfiguration;
			buildSettings = {
				ALWAYS_SEARCH_USER_PATHS = NO;
				CLANG_ANALYZER_NONNULL = YES;
				CLANG_ANALYZER_NUMBER_OBJECT_CONVERSION = YES_AGGRESSIVE;
				CLANG_CXX_LANGUAGE_STANDARD = "gnu++14";
				CLANG_CXX_LIBRARY = "libc++";
				CLANG_ENABLE_MODULES = YES;
				CLANG_ENABLE_OBJC_ARC = YES;
				CLANG_ENABLE_OBJC_WEAK = YES;
				CLANG_WARN_BLOCK_CAPTURE_AUTORELEASING = YES;
				CLANG_WARN_BOOL_CONVERSION = YES;
				CLANG_WARN_COMMA = YES;
				CLANG_WARN_CONSTANT_CONVERSION = YES;
				CLANG_WARN_DEPRECATED_OBJC_IMPLEMENTATIONS = YES;
				CLANG_WARN_DIRECT_OBJC_ISA_USAGE = YES_ERROR;
				CLANG_WARN_DOCUMENTATION_COMMENTS = YES;
				CLANG_WARN_EMPTY_BODY = YES;
				CLANG_WARN_ENUM_CONVERSION = YES;
				CLANG_WARN_INFINITE_RECURSION = YES;
				CLANG_WARN_INT_CONVERSION = YES;
				CLANG_WARN_NON_LITERAL_NULL_CONVERSION = YES;
				CLANG_WARN_OBJC_IMPLICIT_RETAIN_SELF = YES;
				CLANG_WARN_OBJC_LITERAL_CONVERSION = YES;
				CLANG_WARN_OBJC_ROOT_CLASS = YES_ERROR;
				CLANG_WARN_RANGE_LOOP_ANALYSIS = YES;
				CLANG_WARN_STRICT_PROTOTYPES = YES;
				CLANG_WARN_SUSPICIOUS_MOVE = YES;
				CLANG_WARN_UNGUARDED_AVAILABILITY = YES_AGGRESSIVE;
				CLANG_WARN_UNREACHABLE_CODE = YES;
				CLANG_WARN__DUPLICATE_METHOD_MATCH = YES;
				CODE_SIGN_IDENTITY = "iPhone Developer";
				COPY_PHASE_STRIP = NO;
				DEBUG_INFORMATION_FORMAT = "dwarf-with-dsym";
				ENABLE_NS_ASSERTIONS = NO;
				ENABLE_STRICT_OBJC_MSGSEND = YES;
				GCC_C_LANGUAGE_STANDARD = gnu11;
				GCC_NO_COMMON_BLOCKS = YES;
				GCC_WARN_64_TO_32_BIT_CONVERSION = YES;
				GCC_WARN_ABOUT_RETURN_TYPE = YES_ERROR;
				GCC_WARN_UNDECLARED_SELECTOR = YES;
				GCC_WARN_UNINITIALIZED_AUTOS = YES_AGGRESSIVE;
				GCC_WARN_UNUSED_FUNCTION = YES;
				GCC_WARN_UNUSED_VARIABLE = YES;
				IPHONEOS_DEPLOYMENT_TARGET = 12.1;
				MTL_ENABLE_DEBUG_INFO = NO;
				MTL_FAST_MATH = YES;
				SDKROOT = iphoneos;
				SWIFT_COMPILATION_MODE = wholemodule;
				SWIFT_OPTIMIZATION_LEVEL = "-O";
				VALIDATE_PRODUCT = YES;
			};
			name = Release;
		};
		B3FBF74821BB2A1E00F8C614 /* Debug */ = {
			isa = XCBuildConfiguration;
			buildSettings = {
				ASSETCATALOG_COMPILER_APPICON_NAME = AppIcon;
				CODE_SIGN_STYLE = Automatic;
				DEVELOPMENT_TEAM = RFPC285CSM;
				INFOPLIST_FILE = CodeTest/Info.plist;
				LD_RUNPATH_SEARCH_PATHS = (
					"$(inherited)",
					"@executable_path/Frameworks",
				);
				PRODUCT_BUNDLE_IDENTIFIER = dev.baires.test.CodeTest;
				PRODUCT_NAME = "$(TARGET_NAME)";
				SWIFT_VERSION = 4.2;
				TARGETED_DEVICE_FAMILY = "1,2";
			};
			name = Debug;
		};
		B3FBF74921BB2A1E00F8C614 /* Release */ = {
			isa = XCBuildConfiguration;
			buildSettings = {
				ASSETCATALOG_COMPILER_APPICON_NAME = AppIcon;
				CODE_SIGN_STYLE = Automatic;
				DEVELOPMENT_TEAM = RFPC285CSM;
				INFOPLIST_FILE = CodeTest/Info.plist;
				LD_RUNPATH_SEARCH_PATHS = (
					"$(inherited)",
					"@executable_path/Frameworks",
				);
				PRODUCT_BUNDLE_IDENTIFIER = dev.baires.test.CodeTest;
				PRODUCT_NAME = "$(TARGET_NAME)";
				SWIFT_VERSION = 4.2;
				TARGETED_DEVICE_FAMILY = "1,2";
			};
			name = Release;
		};
		B3FBF74B21BB2A1E00F8C614 /* Debug */ = {
			isa = XCBuildConfiguration;
			buildSettings = {
				ALWAYS_EMBED_SWIFT_STANDARD_LIBRARIES = YES;
				BUNDLE_LOADER = "$(TEST_HOST)";
				CODE_SIGN_STYLE = Automatic;
				DEVELOPMENT_TEAM = RFPC285CSM;
				INFOPLIST_FILE = CodeTestTests/Info.plist;
				LD_RUNPATH_SEARCH_PATHS = (
					"$(inherited)",
					"@executable_path/Frameworks",
					"@loader_path/Frameworks",
				);
				PRODUCT_BUNDLE_IDENTIFIER = dev.baires.test.CodeTestTests;
				PRODUCT_NAME = "$(TARGET_NAME)";
				SWIFT_VERSION = 4.2;
				TARGETED_DEVICE_FAMILY = "1,2";
				TEST_HOST = "$(BUILT_PRODUCTS_DIR)/CodeTest.app/CodeTest";
			};
			name = Debug;
		};
		B3FBF74C21BB2A1E00F8C614 /* Release */ = {
			isa = XCBuildConfiguration;
			buildSettings = {
				ALWAYS_EMBED_SWIFT_STANDARD_LIBRARIES = YES;
				BUNDLE_LOADER = "$(TEST_HOST)";
				CODE_SIGN_STYLE = Automatic;
				DEVELOPMENT_TEAM = RFPC285CSM;
				INFOPLIST_FILE = CodeTestTests/Info.plist;
				LD_RUNPATH_SEARCH_PATHS = (
					"$(inherited)",
					"@executable_path/Frameworks",
					"@loader_path/Frameworks",
				);
				PRODUCT_BUNDLE_IDENTIFIER = dev.baires.test.CodeTestTests;
				PRODUCT_NAME = "$(TARGET_NAME)";
				SWIFT_VERSION = 4.2;
				TARGETED_DEVICE_FAMILY = "1,2";
				TEST_HOST = "$(BUILT_PRODUCTS_DIR)/CodeTest.app/CodeTest";
			};
			name = Release;
		};
		B3FBF74E21BB2A1E00F8C614 /* Debug */ = {
			isa = XCBuildConfiguration;
			buildSettings = {
				ALWAYS_EMBED_SWIFT_STANDARD_LIBRARIES = YES;
				CODE_SIGN_STYLE = Automatic;
				DEVELOPMENT_TEAM = RFPC285CSM;
				INFOPLIST_FILE = CodeTestUITests/Info.plist;
				LD_RUNPATH_SEARCH_PATHS = (
					"$(inherited)",
					"@executable_path/Frameworks",
					"@loader_path/Frameworks",
				);
				PRODUCT_BUNDLE_IDENTIFIER = dev.baires.test.CodeTestUITests;
				PRODUCT_NAME = "$(TARGET_NAME)";
				SWIFT_VERSION = 4.2;
				TARGETED_DEVICE_FAMILY = "1,2";
				TEST_TARGET_NAME = CodeTest;
			};
			name = Debug;
		};
		B3FBF74F21BB2A1E00F8C614 /* Release */ = {
			isa = XCBuildConfiguration;
			buildSettings = {
				ALWAYS_EMBED_SWIFT_STANDARD_LIBRARIES = YES;
				CODE_SIGN_STYLE = Automatic;
				DEVELOPMENT_TEAM = RFPC285CSM;
				INFOPLIST_FILE = CodeTestUITests/Info.plist;
				LD_RUNPATH_SEARCH_PATHS = (
					"$(inherited)",
					"@executable_path/Frameworks",
					"@loader_path/Frameworks",
				);
				PRODUCT_BUNDLE_IDENTIFIER = dev.baires.test.CodeTestUITests;
				PRODUCT_NAME = "$(TARGET_NAME)";
				SWIFT_VERSION = 4.2;
				TARGETED_DEVICE_FAMILY = "1,2";
				TEST_TARGET_NAME = CodeTest;
			};
			name = Release;
		};
/* End XCBuildConfiguration section */

/* Begin XCConfigurationList section */
		B3FBF71A21BB2A1D00F8C614 /* Build configuration list for PBXProject "CodeTest" */ = {
			isa = XCConfigurationList;
			buildConfigurations = (
				B3FBF74521BB2A1E00F8C614 /* Debug */,
				B3FBF74621BB2A1E00F8C614 /* Release */,
			);
			defaultConfigurationIsVisible = 0;
			defaultConfigurationName = Release;
		};
		B3FBF74721BB2A1E00F8C614 /* Build configuration list for PBXNativeTarget "CodeTest" */ = {
			isa = XCConfigurationList;
			buildConfigurations = (
				B3FBF74821BB2A1E00F8C614 /* Debug */,
				B3FBF74921BB2A1E00F8C614 /* Release */,
			);
			defaultConfigurationIsVisible = 0;
			defaultConfigurationName = Release;
		};
		B3FBF74A21BB2A1E00F8C614 /* Build configuration list for PBXNativeTarget "CodeTestTests" */ = {
			isa = XCConfigurationList;
			buildConfigurations = (
				B3FBF74B21BB2A1E00F8C614 /* Debug */,
				B3FBF74C21BB2A1E00F8C614 /* Release */,
			);
			defaultConfigurationIsVisible = 0;
			defaultConfigurationName = Release;
		};
		B3FBF74D21BB2A1E00F8C614 /* Build configuration list for PBXNativeTarget "CodeTestUITests" */ = {
			isa = XCConfigurationList;
			buildConfigurations = (
				B3FBF74E21BB2A1E00F8C614 /* Debug */,
				B3FBF74F21BB2A1E00F8C614 /* Release */,
			);
			defaultConfigurationIsVisible = 0;
			defaultConfigurationName = Release;
		};
/* End XCConfigurationList section */
	};
	rootObject = B3FBF71721BB2A1D00F8C614 /* Project object */;
}
